
Microsoft Visual Studio Solution File, Format Version 12.00
# Visual Studio 14
VisualStudioVersion = 14.0.25420.1
MinimumVisualStudioVersion = 10.0.40219.1
Project("{FAE04EC0-301F-11D3-BF4B-00C04F79EFBC}") = "WebViewTest", "WebViewTest\WebViewTest\WebViewTest.csproj", "{241677D3-8CC5-4E46-B194-052C301FEC00}"
EndProject
Project("{FAE04EC0-301F-11D3-BF4B-00C04F79EFBC}") = "WebViewTest.Droid", "WebViewTest\WebViewTest.Droid\WebViewTest.Droid.csproj", "{71F3049A-84DD-4052-A57F-E0909D0D1592}"
EndProject
Project("{FAE04EC0-301F-11D3-BF4B-00C04F79EFBC}") = "WebViewTest.iOS", "WebViewTest\WebViewTest.iOS\WebViewTest.iOS.csproj", "{56232931-09B1-4F70-86B8-76F1DB3927C3}"
EndProject
Project("{FAE04EC0-301F-11D3-BF4B-00C04F79EFBC}") = "WebViewTest.WinPhone", "WebViewTest\WebViewTest.WinPhone\WebViewTest.WinPhone.csproj", "{32F3917C-F3D9-46C2-9D47-408CDD8C4367}"
EndProject
Project("{FAE04EC0-301F-11D3-BF4B-00C04F79EFBC}") = "WebViewTest.UWP", "WebViewTest\WebViewTest.UWP\WebViewTest.UWP.csproj", "{FD9931C6-A458-4FDC-927B-DD6645ECBB36}"
EndProject
Project("{FAE04EC0-301F-11D3-BF4B-00C04F79EFBC}") = "WebViewTest.Windows", "WebViewTest\WebViewTest.Windows\WebViewTest.Windows.csproj", "{81A1FECC-D5BA-4265-993C-08008E881474}"
EndProject
Global
	GlobalSection(SolutionConfigurationPlatforms) = preSolution
		Ad-Hoc|Any CPU = Ad-Hoc|Any CPU
		Ad-Hoc|ARM = Ad-Hoc|ARM
		Ad-Hoc|iPhone = Ad-Hoc|iPhone
		Ad-Hoc|iPhoneSimulator = Ad-Hoc|iPhoneSimulator
		Ad-Hoc|x64 = Ad-Hoc|x64
		Ad-Hoc|x86 = Ad-Hoc|x86
		AppStore|Any CPU = AppStore|Any CPU
		AppStore|ARM = AppStore|ARM
		AppStore|iPhone = AppStore|iPhone
		AppStore|iPhoneSimulator = AppStore|iPhoneSimulator
		AppStore|x64 = AppStore|x64
		AppStore|x86 = AppStore|x86
		Debug|Any CPU = Debug|Any CPU
		Debug|ARM = Debug|ARM
		Debug|iPhone = Debug|iPhone
		Debug|iPhoneSimulator = Debug|iPhoneSimulator
		Debug|x64 = Debug|x64
		Debug|x86 = Debug|x86
		Release|Any CPU = Release|Any CPU
		Release|ARM = Release|ARM
		Release|iPhone = Release|iPhone
		Release|iPhoneSimulator = Release|iPhoneSimulator
		Release|x64 = Release|x64
		Release|x86 = Release|x86
	EndGlobalSection
	GlobalSection(ProjectConfigurationPlatforms) = postSolution
		{241677D3-8CC5-4E46-B194-052C301FEC00}.Ad-Hoc|Any CPU.ActiveCfg = Release|Any CPU
		{241677D3-8CC5-4E46-B194-052C301FEC00}.Ad-Hoc|Any CPU.Build.0 = Release|Any CPU
		{241677D3-8CC5-4E46-B194-052C301FEC00}.Ad-Hoc|ARM.ActiveCfg = Release|Any CPU
		{241677D3-8CC5-4E46-B194-052C301FEC00}.Ad-Hoc|ARM.Build.0 = Release|Any CPU
		{241677D3-8CC5-4E46-B194-052C301FEC00}.Ad-Hoc|iPhone.ActiveCfg = Release|Any CPU
		{241677D3-8CC5-4E46-B194-052C301FEC00}.Ad-Hoc|iPhone.Build.0 = Release|Any CPU
		{241677D3-8CC5-4E46-B194-052C301FEC00}.Ad-Hoc|iPhoneSimulator.ActiveCfg = Release|Any CPU
		{241677D3-8CC5-4E46-B194-052C301FEC00}.Ad-Hoc|iPhoneSimulator.Build.0 = Release|Any CPU
		{241677D3-8CC5-4E46-B194-052C301FEC00}.Ad-Hoc|x64.ActiveCfg = Release|Any CPU
		{241677D3-8CC5-4E46-B194-052C301FEC00}.Ad-Hoc|x64.Build.0 = Release|Any CPU
		{241677D3-8CC5-4E46-B194-052C301FEC00}.Ad-Hoc|x86.ActiveCfg = Release|Any CPU
		{241677D3-8CC5-4E46-B194-052C301FEC00}.Ad-Hoc|x86.Build.0 = Release|Any CPU
		{241677D3-8CC5-4E46-B194-052C301FEC00}.AppStore|Any CPU.ActiveCfg = Release|Any CPU
		{241677D3-8CC5-4E46-B194-052C301FEC00}.AppStore|Any CPU.Build.0 = Release|Any CPU
		{241677D3-8CC5-4E46-B194-052C301FEC00}.AppStore|ARM.ActiveCfg = Release|Any CPU
		{241677D3-8CC5-4E46-B194-052C301FEC00}.AppStore|ARM.Build.0 = Release|Any CPU
		{241677D3-8CC5-4E46-B194-052C301FEC00}.AppStore|iPhone.ActiveCfg = Release|Any CPU
		{241677D3-8CC5-4E46-B194-052C301FEC00}.AppStore|iPhone.Build.0 = Release|Any CPU
		{241677D3-8CC5-4E46-B194-052C301FEC00}.AppStore|iPhoneSimulator.ActiveCfg = Release|Any CPU
		{241677D3-8CC5-4E46-B194-052C301FEC00}.AppStore|iPhoneSimulator.Build.0 = Release|Any CPU
		{241677D3-8CC5-4E46-B194-052C301FEC00}.AppStore|x64.ActiveCfg = Release|Any CPU
		{241677D3-8CC5-4E46-B194-052C301FEC00}.AppStore|x64.Build.0 = Release|Any CPU
		{241677D3-8CC5-4E46-B194-052C301FEC00}.AppStore|x86.ActiveCfg = Release|Any CPU
		{241677D3-8CC5-4E46-B194-052C301FEC00}.AppStore|x86.Build.0 = Release|Any CPU
		{241677D3-8CC5-4E46-B194-052C301FEC00}.Debug|Any CPU.ActiveCfg = Debug|Any CPU
		{241677D3-8CC5-4E46-B194-052C301FEC00}.Debug|Any CPU.Build.0 = Debug|Any CPU
		{241677D3-8CC5-4E46-B194-052C301FEC00}.Debug|ARM.ActiveCfg = Debug|Any CPU
		{241677D3-8CC5-4E46-B194-052C301FEC00}.Debug|ARM.Build.0 = Debug|Any CPU
		{241677D3-8CC5-4E46-B194-052C301FEC00}.Debug|iPhone.ActiveCfg = Debug|Any CPU
		{241677D3-8CC5-4E46-B194-052C301FEC00}.Debug|iPhone.Build.0 = Debug|Any CPU
		{241677D3-8CC5-4E46-B194-052C301FEC00}.Debug|iPhoneSimulator.ActiveCfg = Debug|Any CPU
		{241677D3-8CC5-4E46-B194-052C301FEC00}.Debug|iPhoneSimulator.Build.0 = Debug|Any CPU
		{241677D3-8CC5-4E46-B194-052C301FEC00}.Debug|x64.ActiveCfg = Debug|Any CPU
		{241677D3-8CC5-4E46-B194-052C301FEC00}.Debug|x64.Build.0 = Debug|Any CPU
		{241677D3-8CC5-4E46-B194-052C301FEC00}.Debug|x86.ActiveCfg = Debug|Any CPU
		{241677D3-8CC5-4E46-B194-052C301FEC00}.Debug|x86.Build.0 = Debug|Any CPU
		{241677D3-8CC5-4E46-B194-052C301FEC00}.Release|Any CPU.ActiveCfg = Release|Any CPU
		{241677D3-8CC5-4E46-B194-052C301FEC00}.Release|Any CPU.Build.0 = Release|Any CPU
		{241677D3-8CC5-4E46-B194-052C301FEC00}.Release|ARM.ActiveCfg = Release|Any CPU
		{241677D3-8CC5-4E46-B194-052C301FEC00}.Release|ARM.Build.0 = Release|Any CPU
		{241677D3-8CC5-4E46-B194-052C301FEC00}.Release|iPhone.ActiveCfg = Release|Any CPU
		{241677D3-8CC5-4E46-B194-052C301FEC00}.Release|iPhone.Build.0 = Release|Any CPU
		{241677D3-8CC5-4E46-B194-052C301FEC00}.Release|iPhoneSimulator.ActiveCfg = Release|Any CPU
		{241677D3-8CC5-4E46-B194-052C301FEC00}.Release|iPhoneSimulator.Build.0 = Release|Any CPU
		{241677D3-8CC5-4E46-B194-052C301FEC00}.Release|x64.ActiveCfg = Release|Any CPU
		{241677D3-8CC5-4E46-B194-052C301FEC00}.Release|x64.Build.0 = Release|Any CPU
		{241677D3-8CC5-4E46-B194-052C301FEC00}.Release|x86.ActiveCfg = Release|Any CPU
		{241677D3-8CC5-4E46-B194-052C301FEC00}.Release|x86.Build.0 = Release|Any CPU
		{71F3049A-84DD-4052-A57F-E0909D0D1592}.Ad-Hoc|Any CPU.ActiveCfg = Release|Any CPU
		{71F3049A-84DD-4052-A57F-E0909D0D1592}.Ad-Hoc|Any CPU.Build.0 = Release|Any CPU
		{71F3049A-84DD-4052-A57F-E0909D0D1592}.Ad-Hoc|Any CPU.Deploy.0 = Release|Any CPU
		{71F3049A-84DD-4052-A57F-E0909D0D1592}.Ad-Hoc|ARM.ActiveCfg = Release|Any CPU
		{71F3049A-84DD-4052-A57F-E0909D0D1592}.Ad-Hoc|ARM.Build.0 = Release|Any CPU
		{71F3049A-84DD-4052-A57F-E0909D0D1592}.Ad-Hoc|ARM.Deploy.0 = Release|Any CPU
		{71F3049A-84DD-4052-A57F-E0909D0D1592}.Ad-Hoc|iPhone.ActiveCfg = Release|Any CPU
		{71F3049A-84DD-4052-A57F-E0909D0D1592}.Ad-Hoc|iPhone.Build.0 = Release|Any CPU
		{71F3049A-84DD-4052-A57F-E0909D0D1592}.Ad-Hoc|iPhone.Deploy.0 = Release|Any CPU
		{71F3049A-84DD-4052-A57F-E0909D0D1592}.Ad-Hoc|iPhoneSimulator.ActiveCfg = Release|Any CPU
		{71F3049A-84DD-4052-A57F-E0909D0D1592}.Ad-Hoc|iPhoneSimulator.Build.0 = Release|Any CPU
		{71F3049A-84DD-4052-A57F-E0909D0D1592}.Ad-Hoc|iPhoneSimulator.Deploy.0 = Release|Any CPU
		{71F3049A-84DD-4052-A57F-E0909D0D1592}.Ad-Hoc|x64.ActiveCfg = Release|Any CPU
		{71F3049A-84DD-4052-A57F-E0909D0D1592}.Ad-Hoc|x64.Build.0 = Release|Any CPU
		{71F3049A-84DD-4052-A57F-E0909D0D1592}.Ad-Hoc|x64.Deploy.0 = Release|Any CPU
		{71F3049A-84DD-4052-A57F-E0909D0D1592}.Ad-Hoc|x86.ActiveCfg = Release|Any CPU
		{71F3049A-84DD-4052-A57F-E0909D0D1592}.Ad-Hoc|x86.Build.0 = Release|Any CPU
		{71F3049A-84DD-4052-A57F-E0909D0D1592}.Ad-Hoc|x86.Deploy.0 = Release|Any CPU
		{71F3049A-84DD-4052-A57F-E0909D0D1592}.AppStore|Any CPU.ActiveCfg = Release|Any CPU
		{71F3049A-84DD-4052-A57F-E0909D0D1592}.AppStore|Any CPU.Build.0 = Release|Any CPU
		{71F3049A-84DD-4052-A57F-E0909D0D1592}.AppStore|Any CPU.Deploy.0 = Release|Any CPU
		{71F3049A-84DD-4052-A57F-E0909D0D1592}.AppStore|ARM.ActiveCfg = Release|Any CPU
		{71F3049A-84DD-4052-A57F-E0909D0D1592}.AppStore|ARM.Build.0 = Release|Any CPU
		{71F3049A-84DD-4052-A57F-E0909D0D1592}.AppStore|ARM.Deploy.0 = Release|Any CPU
		{71F3049A-84DD-4052-A57F-E0909D0D1592}.AppStore|iPhone.ActiveCfg = Release|Any CPU
		{71F3049A-84DD-4052-A57F-E0909D0D1592}.AppStore|iPhone.Build.0 = Release|Any CPU
		{71F3049A-84DD-4052-A57F-E0909D0D1592}.AppStore|iPhone.Deploy.0 = Release|Any CPU
		{71F3049A-84DD-4052-A57F-E0909D0D1592}.AppStore|iPhoneSimulator.ActiveCfg = Release|Any CPU
		{71F3049A-84DD-4052-A57F-E0909D0D1592}.AppStore|iPhoneSimulator.Build.0 = Release|Any CPU
		{71F3049A-84DD-4052-A57F-E0909D0D1592}.AppStore|iPhoneSimulator.Deploy.0 = Release|Any CPU
		{71F3049A-84DD-4052-A57F-E0909D0D1592}.AppStore|x64.ActiveCfg = Release|Any CPU
		{71F3049A-84DD-4052-A57F-E0909D0D1592}.AppStore|x64.Build.0 = Release|Any CPU
		{71F3049A-84DD-4052-A57F-E0909D0D1592}.AppStore|x64.Deploy.0 = Release|Any CPU
		{71F3049A-84DD-4052-A57F-E0909D0D1592}.AppStore|x86.ActiveCfg = Release|Any CPU
		{71F3049A-84DD-4052-A57F-E0909D0D1592}.AppStore|x86.Build.0 = Release|Any CPU
		{71F3049A-84DD-4052-A57F-E0909D0D1592}.AppStore|x86.Deploy.0 = Release|Any CPU
		{71F3049A-84DD-4052-A57F-E0909D0D1592}.Debug|Any CPU.ActiveCfg = Debug|Any CPU
		{71F3049A-84DD-4052-A57F-E0909D0D1592}.Debug|Any CPU.Build.0 = Debug|Any CPU
		{71F3049A-84DD-4052-A57F-E0909D0D1592}.Debug|Any CPU.Deploy.0 = Debug|Any CPU
		{71F3049A-84DD-4052-A57F-E0909D0D1592}.Debug|ARM.ActiveCfg = Debug|Any CPU
		{71F3049A-84DD-4052-A57F-E0909D0D1592}.Debug|ARM.Build.0 = Debug|Any CPU
		{71F3049A-84DD-4052-A57F-E0909D0D1592}.Debug|ARM.Deploy.0 = Debug|Any CPU
		{71F3049A-84DD-4052-A57F-E0909D0D1592}.Debug|iPhone.ActiveCfg = Debug|Any CPU
		{71F3049A-84DD-4052-A57F-E0909D0D1592}.Debug|iPhone.Build.0 = Debug|Any CPU
		{71F3049A-84DD-4052-A57F-E0909D0D1592}.Debug|iPhone.Deploy.0 = Debug|Any CPU
		{71F3049A-84DD-4052-A57F-E0909D0D1592}.Debug|iPhoneSimulator.ActiveCfg = Debug|Any CPU
		{71F3049A-84DD-4052-A57F-E0909D0D1592}.Debug|iPhoneSimulator.Build.0 = Debug|Any CPU
		{71F3049A-84DD-4052-A57F-E0909D0D1592}.Debug|iPhoneSimulator.Deploy.0 = Debug|Any CPU
		{71F3049A-84DD-4052-A57F-E0909D0D1592}.Debug|x64.ActiveCfg = Debug|Any CPU
		{71F3049A-84DD-4052-A57F-E0909D0D1592}.Debug|x64.Build.0 = Debug|Any CPU
		{71F3049A-84DD-4052-A57F-E0909D0D1592}.Debug|x64.Deploy.0 = Debug|Any CPU
		{71F3049A-84DD-4052-A57F-E0909D0D1592}.Debug|x86.ActiveCfg = Debug|Any CPU
		{71F3049A-84DD-4052-A57F-E0909D0D1592}.Debug|x86.Build.0 = Debug|Any CPU
		{71F3049A-84DD-4052-A57F-E0909D0D1592}.Debug|x86.Deploy.0 = Debug|Any CPU
		{71F3049A-84DD-4052-A57F-E0909D0D1592}.Release|Any CPU.ActiveCfg = Release|Any CPU
		{71F3049A-84DD-4052-A57F-E0909D0D1592}.Release|Any CPU.Build.0 = Release|Any CPU
		{71F3049A-84DD-4052-A57F-E0909D0D1592}.Release|Any CPU.Deploy.0 = Release|Any CPU
		{71F3049A-84DD-4052-A57F-E0909D0D1592}.Release|ARM.ActiveCfg = Release|Any CPU
		{71F3049A-84DD-4052-A57F-E0909D0D1592}.Release|ARM.Build.0 = Release|Any CPU
		{71F3049A-84DD-4052-A57F-E0909D0D1592}.Release|ARM.Deploy.0 = Release|Any CPU
		{71F3049A-84DD-4052-A57F-E0909D0D1592}.Release|iPhone.ActiveCfg = Release|Any CPU
		{71F3049A-84DD-4052-A57F-E0909D0D1592}.Release|iPhone.Build.0 = Release|Any CPU
		{71F3049A-84DD-4052-A57F-E0909D0D1592}.Release|iPhone.Deploy.0 = Release|Any CPU
		{71F3049A-84DD-4052-A57F-E0909D0D1592}.Release|iPhoneSimulator.ActiveCfg = Release|Any CPU
		{71F3049A-84DD-4052-A57F-E0909D0D1592}.Release|iPhoneSimulator.Build.0 = Release|Any CPU
		{71F3049A-84DD-4052-A57F-E0909D0D1592}.Release|iPhoneSimulator.Deploy.0 = Release|Any CPU
		{71F3049A-84DD-4052-A57F-E0909D0D1592}.Release|x64.ActiveCfg = Release|Any CPU
		{71F3049A-84DD-4052-A57F-E0909D0D1592}.Release|x64.Build.0 = Release|Any CPU
		{71F3049A-84DD-4052-A57F-E0909D0D1592}.Release|x64.Deploy.0 = Release|Any CPU
		{71F3049A-84DD-4052-A57F-E0909D0D1592}.Release|x86.ActiveCfg = Release|Any CPU
		{71F3049A-84DD-4052-A57F-E0909D0D1592}.Release|x86.Build.0 = Release|Any CPU
		{71F3049A-84DD-4052-A57F-E0909D0D1592}.Release|x86.Deploy.0 = Release|Any CPU
		{56232931-09B1-4F70-86B8-76F1DB3927C3}.Ad-Hoc|Any CPU.ActiveCfg = Ad-Hoc|iPhone
		{56232931-09B1-4F70-86B8-76F1DB3927C3}.Ad-Hoc|ARM.ActiveCfg = Ad-Hoc|iPhone
		{56232931-09B1-4F70-86B8-76F1DB3927C3}.Ad-Hoc|iPhone.ActiveCfg = Ad-Hoc|iPhone
		{56232931-09B1-4F70-86B8-76F1DB3927C3}.Ad-Hoc|iPhone.Build.0 = Ad-Hoc|iPhone
		{56232931-09B1-4F70-86B8-76F1DB3927C3}.Ad-Hoc|iPhoneSimulator.ActiveCfg = Ad-Hoc|iPhoneSimulator
		{56232931-09B1-4F70-86B8-76F1DB3927C3}.Ad-Hoc|iPhoneSimulator.Build.0 = Ad-Hoc|iPhoneSimulator
		{56232931-09B1-4F70-86B8-76F1DB3927C3}.Ad-Hoc|x64.ActiveCfg = Ad-Hoc|iPhone
		{56232931-09B1-4F70-86B8-76F1DB3927C3}.Ad-Hoc|x86.ActiveCfg = Ad-Hoc|iPhone
		{56232931-09B1-4F70-86B8-76F1DB3927C3}.AppStore|Any CPU.ActiveCfg = AppStore|iPhone
		{56232931-09B1-4F70-86B8-76F1DB3927C3}.AppStore|ARM.ActiveCfg = AppStore|iPhone
		{56232931-09B1-4F70-86B8-76F1DB3927C3}.AppStore|iPhone.ActiveCfg = AppStore|iPhone
		{56232931-09B1-4F70-86B8-76F1DB3927C3}.AppStore|iPhone.Build.0 = AppStore|iPhone
		{56232931-09B1-4F70-86B8-76F1DB3927C3}.AppStore|iPhoneSimulator.ActiveCfg = AppStore|iPhoneSimulator
		{56232931-09B1-4F70-86B8-76F1DB3927C3}.AppStore|iPhoneSimulator.Build.0 = AppStore|iPhoneSimulator
		{56232931-09B1-4F70-86B8-76F1DB3927C3}.AppStore|x64.ActiveCfg = AppStore|iPhone
		{56232931-09B1-4F70-86B8-76F1DB3927C3}.AppStore|x86.ActiveCfg = AppStore|iPhone
		{56232931-09B1-4F70-86B8-76F1DB3927C3}.Debug|Any CPU.ActiveCfg = Debug|iPhone
		{56232931-09B1-4F70-86B8-76F1DB3927C3}.Debug|ARM.ActiveCfg = Debug|iPhone
		{56232931-09B1-4F70-86B8-76F1DB3927C3}.Debug|iPhone.ActiveCfg = Debug|iPhone
		{56232931-09B1-4F70-86B8-76F1DB3927C3}.Debug|iPhone.Build.0 = Debug|iPhone
		{56232931-09B1-4F70-86B8-76F1DB3927C3}.Debug|iPhoneSimulator.ActiveCfg = Debug|iPhoneSimulator
		{56232931-09B1-4F70-86B8-76F1DB3927C3}.Debug|iPhoneSimulator.Build.0 = Debug|iPhoneSimulator
		{56232931-09B1-4F70-86B8-76F1DB3927C3}.Debug|x64.ActiveCfg = Debug|iPhone
		{56232931-09B1-4F70-86B8-76F1DB3927C3}.Debug|x86.ActiveCfg = Debug|iPhone
		{56232931-09B1-4F70-86B8-76F1DB3927C3}.Release|Any CPU.ActiveCfg = Release|iPhone
		{56232931-09B1-4F70-86B8-76F1DB3927C3}.Release|ARM.ActiveCfg = Release|iPhone
		{56232931-09B1-4F70-86B8-76F1DB3927C3}.Release|iPhone.ActiveCfg = Release|iPhone
		{56232931-09B1-4F70-86B8-76F1DB3927C3}.Release|iPhone.Build.0 = Release|iPhone
		{56232931-09B1-4F70-86B8-76F1DB3927C3}.Release|iPhoneSimulator.ActiveCfg = Release|iPhoneSimulator
		{56232931-09B1-4F70-86B8-76F1DB3927C3}.Release|iPhoneSimulator.Build.0 = Release|iPhoneSimulator
		{56232931-09B1-4F70-86B8-76F1DB3927C3}.Release|x64.ActiveCfg = Release|iPhone
		{56232931-09B1-4F70-86B8-76F1DB3927C3}.Release|x86.ActiveCfg = Release|iPhone
		{32F3917C-F3D9-46C2-9D47-408CDD8C4367}.Ad-Hoc|Any CPU.ActiveCfg = Release|Any CPU
		{32F3917C-F3D9-46C2-9D47-408CDD8C4367}.Ad-Hoc|Any CPU.Build.0 = Release|Any CPU
		{32F3917C-F3D9-46C2-9D47-408CDD8C4367}.Ad-Hoc|Any CPU.Deploy.0 = Release|Any CPU
		{32F3917C-F3D9-46C2-9D47-408CDD8C4367}.Ad-Hoc|ARM.ActiveCfg = Release|ARM
		{32F3917C-F3D9-46C2-9D47-408CDD8C4367}.Ad-Hoc|ARM.Build.0 = Release|ARM
		{32F3917C-F3D9-46C2-9D47-408CDD8C4367}.Ad-Hoc|ARM.Deploy.0 = Release|ARM
		{32F3917C-F3D9-46C2-9D47-408CDD8C4367}.Ad-Hoc|iPhone.ActiveCfg = Release|Any CPU
		{32F3917C-F3D9-46C2-9D47-408CDD8C4367}.Ad-Hoc|iPhone.Build.0 = Release|Any CPU
		{32F3917C-F3D9-46C2-9D47-408CDD8C4367}.Ad-Hoc|iPhone.Deploy.0 = Release|Any CPU
		{32F3917C-F3D9-46C2-9D47-408CDD8C4367}.Ad-Hoc|iPhoneSimulator.ActiveCfg = Release|Any CPU
		{32F3917C-F3D9-46C2-9D47-408CDD8C4367}.Ad-Hoc|iPhoneSimulator.Build.0 = Release|Any CPU
		{32F3917C-F3D9-46C2-9D47-408CDD8C4367}.Ad-Hoc|iPhoneSimulator.Deploy.0 = Release|Any CPU
		{32F3917C-F3D9-46C2-9D47-408CDD8C4367}.Ad-Hoc|x64.ActiveCfg = Release|Any CPU
		{32F3917C-F3D9-46C2-9D47-408CDD8C4367}.Ad-Hoc|x64.Build.0 = Release|Any CPU
		{32F3917C-F3D9-46C2-9D47-408CDD8C4367}.Ad-Hoc|x64.Deploy.0 = Release|Any CPU
		{32F3917C-F3D9-46C2-9D47-408CDD8C4367}.Ad-Hoc|x86.ActiveCfg = Release|x86
		{32F3917C-F3D9-46C2-9D47-408CDD8C4367}.Ad-Hoc|x86.Build.0 = Release|x86
		{32F3917C-F3D9-46C2-9D47-408CDD8C4367}.Ad-Hoc|x86.Deploy.0 = Release|x86
		{32F3917C-F3D9-46C2-9D47-408CDD8C4367}.AppStore|Any CPU.ActiveCfg = Release|Any CPU
		{32F3917C-F3D9-46C2-9D47-408CDD8C4367}.AppStore|Any CPU.Build.0 = Release|Any CPU
		{32F3917C-F3D9-46C2-9D47-408CDD8C4367}.AppStore|Any CPU.Deploy.0 = Release|Any CPU
		{32F3917C-F3D9-46C2-9D47-408CDD8C4367}.AppStore|ARM.ActiveCfg = Release|ARM
		{32F3917C-F3D9-46C2-9D47-408CDD8C4367}.AppStore|ARM.Build.0 = Release|ARM
		{32F3917C-F3D9-46C2-9D47-408CDD8C4367}.AppStore|ARM.Deploy.0 = Release|ARM
		{32F3917C-F3D9-46C2-9D47-408CDD8C4367}.AppStore|iPhone.ActiveCfg = Release|Any CPU
		{32F3917C-F3D9-46C2-9D47-408CDD8C4367}.AppStore|iPhone.Build.0 = Release|Any CPU
		{32F3917C-F3D9-46C2-9D47-408CDD8C4367}.AppStore|iPhone.Deploy.0 = Release|Any CPU
		{32F3917C-F3D9-46C2-9D47-408CDD8C4367}.AppStore|iPhoneSimulator.ActiveCfg = Release|Any CPU
		{32F3917C-F3D9-46C2-9D47-408CDD8C4367}.AppStore|iPhoneSimulator.Build.0 = Release|Any CPU
		{32F3917C-F3D9-46C2-9D47-408CDD8C4367}.AppStore|iPhoneSimulator.Deploy.0 = Release|Any CPU
		{32F3917C-F3D9-46C2-9D47-408CDD8C4367}.AppStore|x64.ActiveCfg = Release|Any CPU
		{32F3917C-F3D9-46C2-9D47-408CDD8C4367}.AppStore|x64.Build.0 = Release|Any CPU
		{32F3917C-F3D9-46C2-9D47-408CDD8C4367}.AppStore|x64.Deploy.0 = Release|Any CPU
		{32F3917C-F3D9-46C2-9D47-408CDD8C4367}.AppStore|x86.ActiveCfg = Release|x86
		{32F3917C-F3D9-46C2-9D47-408CDD8C4367}.AppStore|x86.Build.0 = Release|x86
		{32F3917C-F3D9-46C2-9D47-408CDD8C4367}.AppStore|x86.Deploy.0 = Release|x86
		{32F3917C-F3D9-46C2-9D47-408CDD8C4367}.Debug|Any CPU.ActiveCfg = Debug|Any CPU
		{32F3917C-F3D9-46C2-9D47-408CDD8C4367}.Debug|Any CPU.Build.0 = Debug|Any CPU
		{32F3917C-F3D9-46C2-9D47-408CDD8C4367}.Debug|Any CPU.Deploy.0 = Debug|Any CPU
		{32F3917C-F3D9-46C2-9D47-408CDD8C4367}.Debug|ARM.ActiveCfg = Debug|ARM
		{32F3917C-F3D9-46C2-9D47-408CDD8C4367}.Debug|ARM.Build.0 = Debug|ARM
		{32F3917C-F3D9-46C2-9D47-408CDD8C4367}.Debug|ARM.Deploy.0 = Debug|ARM
		{32F3917C-F3D9-46C2-9D47-408CDD8C4367}.Debug|iPhone.ActiveCfg = Debug|Any CPU
		{32F3917C-F3D9-46C2-9D47-408CDD8C4367}.Debug|iPhone.Build.0 = Debug|Any CPU
		{32F3917C-F3D9-46C2-9D47-408CDD8C4367}.Debug|iPhone.Deploy.0 = Debug|Any CPU
		{32F3917C-F3D9-46C2-9D47-408CDD8C4367}.Debug|iPhoneSimulator.ActiveCfg = Debug|Any CPU
		{32F3917C-F3D9-46C2-9D47-408CDD8C4367}.Debug|iPhoneSimulator.Build.0 = Debug|Any CPU
		{32F3917C-F3D9-46C2-9D47-408CDD8C4367}.Debug|iPhoneSimulator.Deploy.0 = Debug|Any CPU
		{32F3917C-F3D9-46C2-9D47-408CDD8C4367}.Debug|x64.ActiveCfg = Debug|Any CPU
		{32F3917C-F3D9-46C2-9D47-408CDD8C4367}.Debug|x64.Build.0 = Debug|Any CPU
		{32F3917C-F3D9-46C2-9D47-408CDD8C4367}.Debug|x64.Deploy.0 = Debug|Any CPU
		{32F3917C-F3D9-46C2-9D47-408CDD8C4367}.Debug|x86.ActiveCfg = Debug|x86
		{32F3917C-F3D9-46C2-9D47-408CDD8C4367}.Debug|x86.Build.0 = Debug|x86
		{32F3917C-F3D9-46C2-9D47-408CDD8C4367}.Debug|x86.Deploy.0 = Debug|x86
		{32F3917C-F3D9-46C2-9D47-408CDD8C4367}.Release|Any CPU.ActiveCfg = Release|Any CPU
		{32F3917C-F3D9-46C2-9D47-408CDD8C4367}.Release|Any CPU.Build.0 = Release|Any CPU
		{32F3917C-F3D9-46C2-9D47-408CDD8C4367}.Release|Any CPU.Deploy.0 = Release|Any CPU
		{32F3917C-F3D9-46C2-9D47-408CDD8C4367}.Release|ARM.ActiveCfg = Release|ARM
		{32F3917C-F3D9-46C2-9D47-408CDD8C4367}.Release|ARM.Build.0 = Release|ARM
		{32F3917C-F3D9-46C2-9D47-408CDD8C4367}.Release|ARM.Deploy.0 = Release|ARM
		{32F3917C-F3D9-46C2-9D47-408CDD8C4367}.Release|iPhone.ActiveCfg = Release|Any CPU
		{32F3917C-F3D9-46C2-9D47-408CDD8C4367}.Release|iPhone.Build.0 = Release|Any CPU
		{32F3917C-F3D9-46C2-9D47-408CDD8C4367}.Release|iPhone.Deploy.0 = Release|Any CPU
		{32F3917C-F3D9-46C2-9D47-408CDD8C4367}.Release|iPhoneSimulator.ActiveCfg = Release|Any CPU
		{32F3917C-F3D9-46C2-9D47-408CDD8C4367}.Release|iPhoneSimulator.Build.0 = Release|Any CPU
		{32F3917C-F3D9-46C2-9D47-408CDD8C4367}.Release|iPhoneSimulator.Deploy.0 = Release|Any CPU
		{32F3917C-F3D9-46C2-9D47-408CDD8C4367}.Release|x64.ActiveCfg = Release|Any CPU
		{32F3917C-F3D9-46C2-9D47-408CDD8C4367}.Release|x64.Build.0 = Release|Any CPU
		{32F3917C-F3D9-46C2-9D47-408CDD8C4367}.Release|x64.Deploy.0 = Release|Any CPU
		{32F3917C-F3D9-46C2-9D47-408CDD8C4367}.Release|x86.ActiveCfg = Release|x86
		{32F3917C-F3D9-46C2-9D47-408CDD8C4367}.Release|x86.Build.0 = Release|x86
		{32F3917C-F3D9-46C2-9D47-408CDD8C4367}.Release|x86.Deploy.0 = Release|x86
		{FD9931C6-A458-4FDC-927B-DD6645ECBB36}.Ad-Hoc|Any CPU.ActiveCfg = Release|x86
		{FD9931C6-A458-4FDC-927B-DD6645ECBB36}.Ad-Hoc|Any CPU.Build.0 = Release|x86
		{FD9931C6-A458-4FDC-927B-DD6645ECBB36}.Ad-Hoc|Any CPU.Deploy.0 = Release|x86
		{FD9931C6-A458-4FDC-927B-DD6645ECBB36}.Ad-Hoc|ARM.ActiveCfg = Release|ARM
		{FD9931C6-A458-4FDC-927B-DD6645ECBB36}.Ad-Hoc|ARM.Build.0 = Release|ARM
		{FD9931C6-A458-4FDC-927B-DD6645ECBB36}.Ad-Hoc|ARM.Deploy.0 = Release|ARM
		{FD9931C6-A458-4FDC-927B-DD6645ECBB36}.Ad-Hoc|iPhone.ActiveCfg = Release|x86
		{FD9931C6-A458-4FDC-927B-DD6645ECBB36}.Ad-Hoc|iPhone.Build.0 = Release|x86
		{FD9931C6-A458-4FDC-927B-DD6645ECBB36}.Ad-Hoc|iPhone.Deploy.0 = Release|x86
		{FD9931C6-A458-4FDC-927B-DD6645ECBB36}.Ad-Hoc|iPhoneSimulator.ActiveCfg = Release|x86
		{FD9931C6-A458-4FDC-927B-DD6645ECBB36}.Ad-Hoc|iPhoneSimulator.Build.0 = Release|x86
		{FD9931C6-A458-4FDC-927B-DD6645ECBB36}.Ad-Hoc|iPhoneSimulator.Deploy.0 = Release|x86
		{FD9931C6-A458-4FDC-927B-DD6645ECBB36}.Ad-Hoc|x64.ActiveCfg = Release|x64
		{FD9931C6-A458-4FDC-927B-DD6645ECBB36}.Ad-Hoc|x64.Build.0 = Release|x64
		{FD9931C6-A458-4FDC-927B-DD6645ECBB36}.Ad-Hoc|x64.Deploy.0 = Release|x64
		{FD9931C6-A458-4FDC-927B-DD6645ECBB36}.Ad-Hoc|x86.ActiveCfg = Release|x86
		{FD9931C6-A458-4FDC-927B-DD6645ECBB36}.Ad-Hoc|x86.Build.0 = Release|x86
		{FD9931C6-A458-4FDC-927B-DD6645ECBB36}.Ad-Hoc|x86.Deploy.0 = Release|x86
		{FD9931C6-A458-4FDC-927B-DD6645ECBB36}.AppStore|Any CPU.ActiveCfg = Release|x86
		{FD9931C6-A458-4FDC-927B-DD6645ECBB36}.AppStore|Any CPU.Build.0 = Release|x86
		{FD9931C6-A458-4FDC-927B-DD6645ECBB36}.AppStore|Any CPU.Deploy.0 = Release|x86
		{FD9931C6-A458-4FDC-927B-DD6645ECBB36}.AppStore|ARM.ActiveCfg = Release|ARM
		{FD9931C6-A458-4FDC-927B-DD6645ECBB36}.AppStore|ARM.Build.0 = Release|ARM
		{FD9931C6-A458-4FDC-927B-DD6645ECBB36}.AppStore|ARM.Deploy.0 = Release|ARM
		{FD9931C6-A458-4FDC-927B-DD6645ECBB36}.AppStore|iPhone.ActiveCfg = Release|x86
		{FD9931C6-A458-4FDC-927B-DD6645ECBB36}.AppStore|iPhone.Build.0 = Release|x86
		{FD9931C6-A458-4FDC-927B-DD6645ECBB36}.AppStore|iPhone.Deploy.0 = Release|x86
		{FD9931C6-A458-4FDC-927B-DD6645ECBB36}.AppStore|iPhoneSimulator.ActiveCfg = Release|x86
		{FD9931C6-A458-4FDC-927B-DD6645ECBB36}.AppStore|iPhoneSimulator.Build.0 = Release|x86
		{FD9931C6-A458-4FDC-927B-DD6645ECBB36}.AppStore|iPhoneSimulator.Deploy.0 = Release|x86
		{FD9931C6-A458-4FDC-927B-DD6645ECBB36}.AppStore|x64.ActiveCfg = Release|x64
		{FD9931C6-A458-4FDC-927B-DD6645ECBB36}.AppStore|x64.Build.0 = Release|x64
		{FD9931C6-A458-4FDC-927B-DD6645ECBB36}.AppStore|x64.Deploy.0 = Release|x64
		{FD9931C6-A458-4FDC-927B-DD6645ECBB36}.AppStore|x86.ActiveCfg = Release|x86
		{FD9931C6-A458-4FDC-927B-DD6645ECBB36}.AppStore|x86.Build.0 = Release|x86
		{FD9931C6-A458-4FDC-927B-DD6645ECBB36}.AppStore|x86.Deploy.0 = Release|x86
		{FD9931C6-A458-4FDC-927B-DD6645ECBB36}.Debug|Any CPU.ActiveCfg = Debug|x86
		{FD9931C6-A458-4FDC-927B-DD6645ECBB36}.Debug|ARM.ActiveCfg = Debug|ARM
		{FD9931C6-A458-4FDC-927B-DD6645ECBB36}.Debug|ARM.Build.0 = Debug|ARM
		{FD9931C6-A458-4FDC-927B-DD6645ECBB36}.Debug|ARM.Deploy.0 = Debug|ARM
		{FD9931C6-A458-4FDC-927B-DD6645ECBB36}.Debug|iPhone.ActiveCfg = Debug|x86
		{FD9931C6-A458-4FDC-927B-DD6645ECBB36}.Debug|iPhoneSimulator.ActiveCfg = Debug|x86
		{FD9931C6-A458-4FDC-927B-DD6645ECBB36}.Debug|x64.ActiveCfg = Debug|x64
		{FD9931C6-A458-4FDC-927B-DD6645ECBB36}.Debug|x64.Build.0 = Debug|x64
		{FD9931C6-A458-4FDC-927B-DD6645ECBB36}.Debug|x64.Deploy.0 = Debug|x64
		{FD9931C6-A458-4FDC-927B-DD6645ECBB36}.Debug|x86.ActiveCfg = Debug|x86
		{FD9931C6-A458-4FDC-927B-DD6645ECBB36}.Debug|x86.Build.0 = Debug|x86
		{FD9931C6-A458-4FDC-927B-DD6645ECBB36}.Debug|x86.Deploy.0 = Debug|x86
		{FD9931C6-A458-4FDC-927B-DD6645ECBB36}.Release|Any CPU.ActiveCfg = Release|x86
		{FD9931C6-A458-4FDC-927B-DD6645ECBB36}.Release|ARM.ActiveCfg = Release|ARM
		{FD9931C6-A458-4FDC-927B-DD6645ECBB36}.Release|ARM.Build.0 = Release|ARM
		{FD9931C6-A458-4FDC-927B-DD6645ECBB36}.Release|ARM.Deploy.0 = Release|ARM
		{FD9931C6-A458-4FDC-927B-DD6645ECBB36}.Release|iPhone.ActiveCfg = Release|x86
		{FD9931C6-A458-4FDC-927B-DD6645ECBB36}.Release|iPhoneSimulator.ActiveCfg = Release|x86
		{FD9931C6-A458-4FDC-927B-DD6645ECBB36}.Release|x64.ActiveCfg = Release|x64
		{FD9931C6-A458-4FDC-927B-DD6645ECBB36}.Release|x64.Build.0 = Release|x64
		{FD9931C6-A458-4FDC-927B-DD6645ECBB36}.Release|x64.Deploy.0 = Release|x64
		{FD9931C6-A458-4FDC-927B-DD6645ECBB36}.Release|x86.ActiveCfg = Release|x86
		{FD9931C6-A458-4FDC-927B-DD6645ECBB36}.Release|x86.Build.0 = Release|x86
		{FD9931C6-A458-4FDC-927B-DD6645ECBB36}.Release|x86.Deploy.0 = Release|x86
		{81A1FECC-D5BA-4265-993C-08008E881474}.Ad-Hoc|Any CPU.ActiveCfg = Release|Any CPU
		{81A1FECC-D5BA-4265-993C-08008E881474}.Ad-Hoc|Any CPU.Build.0 = Release|Any CPU
		{81A1FECC-D5BA-4265-993C-08008E881474}.Ad-Hoc|Any CPU.Deploy.0 = Release|Any CPU
		{81A1FECC-D5BA-4265-993C-08008E881474}.Ad-Hoc|ARM.ActiveCfg = Release|ARM
		{81A1FECC-D5BA-4265-993C-08008E881474}.Ad-Hoc|ARM.Build.0 = Release|ARM
		{81A1FECC-D5BA-4265-993C-08008E881474}.Ad-Hoc|ARM.Deploy.0 = Release|ARM
		{81A1FECC-D5BA-4265-993C-08008E881474}.Ad-Hoc|iPhone.ActiveCfg = Release|Any CPU
		{81A1FECC-D5BA-4265-993C-08008E881474}.Ad-Hoc|iPhone.Build.0 = Release|Any CPU
		{81A1FECC-D5BA-4265-993C-08008E881474}.Ad-Hoc|iPhone.Deploy.0 = Release|Any CPU
		{81A1FECC-D5BA-4265-993C-08008E881474}.Ad-Hoc|iPhoneSimulator.ActiveCfg = Release|Any CPU
		{81A1FECC-D5BA-4265-993C-08008E881474}.Ad-Hoc|iPhoneSimulator.Build.0 = Release|Any CPU
		{81A1FECC-D5BA-4265-993C-08008E881474}.Ad-Hoc|iPhoneSimulator.Deploy.0 = Release|Any CPU
		{81A1FECC-D5BA-4265-993C-08008E881474}.Ad-Hoc|x64.ActiveCfg = Release|x64
		{81A1FECC-D5BA-4265-993C-08008E881474}.Ad-Hoc|x64.Build.0 = Release|x64
		{81A1FECC-D5BA-4265-993C-08008E881474}.Ad-Hoc|x64.Deploy.0 = Release|x64
		{81A1FECC-D5BA-4265-993C-08008E881474}.Ad-Hoc|x86.ActiveCfg = Release|x86
		{81A1FECC-D5BA-4265-993C-08008E881474}.Ad-Hoc|x86.Build.0 = Release|x86
		{81A1FECC-D5BA-4265-993C-08008E881474}.Ad-Hoc|x86.Deploy.0 = Release|x86
		{81A1FECC-D5BA-4265-993C-08008E881474}.AppStore|Any CPU.ActiveCfg = Release|Any CPU
		{81A1FECC-D5BA-4265-993C-08008E881474}.AppStore|Any CPU.Build.0 = Release|Any CPU
		{81A1FECC-D5BA-4265-993C-08008E881474}.AppStore|Any CPU.Deploy.0 = Release|Any CPU
		{81A1FECC-D5BA-4265-993C-08008E881474}.AppStore|ARM.ActiveCfg = Release|ARM
		{81A1FECC-D5BA-4265-993C-08008E881474}.AppStore|ARM.Build.0 = Release|ARM
		{81A1FECC-D5BA-4265-993C-08008E881474}.AppStore|ARM.Deploy.0 = Release|ARM
		{81A1FECC-D5BA-4265-993C-08008E881474}.AppStore|iPhone.ActiveCfg = Release|Any CPU
		{81A1FECC-D5BA-4265-993C-08008E881474}.AppStore|iPhone.Build.0 = Release|Any CPU
		{81A1FECC-D5BA-4265-993C-08008E881474}.AppStore|iPhone.Deploy.0 = Release|Any CPU
		{81A1FECC-D5BA-4265-993C-08008E881474}.AppStore|iPhoneSimulator.ActiveCfg = Release|Any CPU
		{81A1FECC-D5BA-4265-993C-08008E881474}.AppStore|iPhoneSimulator.Build.0 = Release|Any CPU
		{81A1FECC-D5BA-4265-993C-08008E881474}.AppStore|iPhoneSimulator.Deploy.0 = Release|Any CPU
		{81A1FECC-D5BA-4265-993C-08008E881474}.AppStore|x64.ActiveCfg = Release|x64
		{81A1FECC-D5BA-4265-993C-08008E881474}.AppStore|x64.Build.0 = Release|x64
		{81A1FECC-D5BA-4265-993C-08008E881474}.AppStore|x64.Deploy.0 = Release|x64
		{81A1FECC-D5BA-4265-993C-08008E881474}.AppStore|x86.ActiveCfg = Release|x86
		{81A1FECC-D5BA-4265-993C-08008E881474}.AppStore|x86.Build.0 = Release|x86
		{81A1FECC-D5BA-4265-993C-08008E881474}.AppStore|x86.Deploy.0 = Release|x86
		{81A1FECC-D5BA-4265-993C-08008E881474}.Debug|Any CPU.ActiveCfg = Debug|Any CPU
		{81A1FECC-D5BA-4265-993C-08008E881474}.Debug|Any CPU.Build.0 = Debug|Any CPU
		{81A1FECC-D5BA-4265-993C-08008E881474}.Debug|Any CPU.Deploy.0 = Debug|Any CPU
		{81A1FECC-D5BA-4265-993C-08008E881474}.Debug|ARM.ActiveCfg = Debug|ARM
		{81A1FECC-D5BA-4265-993C-08008E881474}.Debug|ARM.Build.0 = Debug|ARM
		{81A1FECC-D5BA-4265-993C-08008E881474}.Debug|ARM.Deploy.0 = Debug|ARM
		{81A1FECC-D5BA-4265-993C-08008E881474}.Debug|iPhone.ActiveCfg = Debug|Any CPU
		{81A1FECC-D5BA-4265-993C-08008E881474}.Debug|iPhone.Build.0 = Debug|Any CPU
		{81A1FECC-D5BA-4265-993C-08008E881474}.Debug|iPhone.Deploy.0 = Debug|Any CPU
		{81A1FECC-D5BA-4265-993C-08008E881474}.Debug|iPhoneSimulator.ActiveCfg = Debug|Any CPU
		{81A1FECC-D5BA-4265-993C-08008E881474}.Debug|iPhoneSimulator.Build.0 = Debug|Any CPU
		{81A1FECC-D5BA-4265-993C-08008E881474}.Debug|iPhoneSimulator.Deploy.0 = Debug|Any CPU
		{81A1FECC-D5BA-4265-993C-08008E881474}.Debug|x64.ActiveCfg = Debug|x64
		{81A1FECC-D5BA-4265-993C-08008E881474}.Debug|x64.Build.0 = Debug|x64
		{81A1FECC-D5BA-4265-993C-08008E881474}.Debug|x64.Deploy.0 = Debug|x64
		{81A1FECC-D5BA-4265-993C-08008E881474}.Debug|x86.ActiveCfg = Debug|x86
		{81A1FECC-D5BA-4265-993C-08008E881474}.Debug|x86.Build.0 = Debug|x86
		{81A1FECC-D5BA-4265-993C-08008E881474}.Debug|x86.Deploy.0 = Debug|x86
		{81A1FECC-D5BA-4265-993C-08008E881474}.Release|Any CPU.ActiveCfg = Release|Any CPU
		{81A1FECC-D5BA-4265-993C-08008E881474}.Release|Any CPU.Build.0 = Release|Any CPU
		{81A1FECC-D5BA-4265-993C-08008E881474}.Release|Any CPU.Deploy.0 = Release|Any CPU
		{81A1FECC-D5BA-4265-993C-08008E881474}.Release|ARM.ActiveCfg = Release|ARM
		{81A1FECC-D5BA-4265-993C-08008E881474}.Release|ARM.Build.0 = Release|ARM
		{81A1FECC-D5BA-4265-993C-08008E881474}.Release|ARM.Deploy.0 = Release|ARM
		{81A1FECC-D5BA-4265-993C-08008E881474}.Release|iPhone.ActiveCfg = Release|Any CPU
		{81A1FECC-D5BA-4265-993C-08008E881474}.Release|iPhone.Build.0 = Release|Any CPU
		{81A1FECC-D5BA-4265-993C-08008E881474}.Release|iPhone.Deploy.0 = Release|Any CPU
		{81A1FECC-D5BA-4265-993C-08008E881474}.Release|iPhoneSimulator.ActiveCfg = Release|Any CPU
		{81A1FECC-D5BA-4265-993C-08008E881474}.Release|iPhoneSimulator.Build.0 = Release|Any CPU
		{81A1FECC-D5BA-4265-993C-08008E881474}.Release|iPhoneSimulator.Deploy.0 = Release|Any CPU
		{81A1FECC-D5BA-4265-993C-08008E881474}.Release|x64.ActiveCfg = Release|x64
		{81A1FECC-D5BA-4265-993C-08008E881474}.Release|x64.Build.0 = Release|x64
		{81A1FECC-D5BA-4265-993C-08008E881474}.Release|x64.Deploy.0 = Release|x64
		{81A1FECC-D5BA-4265-993C-08008E881474}.Release|x86.ActiveCfg = Release|x86
		{81A1FECC-D5BA-4265-993C-08008E881474}.Release|x86.Build.0 = Release|x86
		{81A1FECC-D5BA-4265-993C-08008E881474}.Release|x86.Deploy.0 = Release|x86
	EndGlobalSection
	GlobalSection(SolutionProperties) = preSolution
		HideSolutionNode = FALSE
	EndGlobalSection
EndGlobal
